
Microsoft Visual Studio Solution File, Format Version 12.00
# Visual Studio Version 17
VisualStudioVersion = 17.12.35527.113
MinimumVisualStudioVersion = 10.0.40219.1
Project("{FAE04EC0-301F-11D3-BF4B-00C04F79EFBC}") = "HelaConnect", "HelaConnect\HelaConnect.csproj", "{DCC1A267-5398-4E3F-B477-F957665AEDA5}"
EndProject
Project("{FAE04EC0-301F-11D3-BF4B-00C04F79EFBC}") = "HelaConnectApp.Data", "HelaConnectApp.Data\HelaConnectApp.Data.csproj", "{C385A987-D116-41A6-B563-3D5C96399EA8}"
EndProject
Global
	GlobalSection(SolutionConfigurationPlatforms) = preSolution
		Debug|Any CPU = Debug|Any CPU
		Release|Any CPU = Release|Any CPU
	EndGlobalSection
	GlobalSection(ProjectConfigurationPlatforms) = postSolution
		{DCC1A267-5398-4E3F-B477-F957665AEDA5}.Debug|Any CPU.ActiveCfg = Debug|Any CPU
		{DCC1A267-5398-4E3F-B477-F957665AEDA5}.Debug|Any CPU.Build.0 = Debug|Any CPU
		{DCC1A267-5398-4E3F-B477-F957665AEDA5}.Release|Any CPU.ActiveCfg = Release|Any CPU
		{DCC1A267-5398-4E3F-B477-F957665AEDA5}.Release|Any CPU.Build.0 = Release|Any CPU
		{C385A987-D116-41A6-B563-3D5C96399EA8}.Debug|Any CPU.ActiveCfg = Debug|Any CPU
		{C385A987-D116-41A6-B563-3D5C96399EA8}.Debug|Any CPU.Build.0 = Debug|Any CPU
		{C385A987-D116-41A6-B563-3D5C96399EA8}.Release|Any CPU.ActiveCfg = Release|Any CPU
		{C385A987-D116-41A6-B563-3D5C96399EA8}.Release|Any CPU.Build.0 = Release|Any CPU
	EndGlobalSection
	GlobalSection(SolutionProperties) = preSolution
		HideSolutionNode = FALSE
	EndGlobalSection
EndGlobal
